
Microsoft Visual Studio Solution File, Format Version 12.00
# Visual Studio 15
VisualStudioVersion = 15.0.28307.421
MinimumVisualStudioVersion = 10.0.40219.1
Project("{FAE04EC0-301F-11D3-BF4B-00C04F79EFBC}") = "DBS Student Registration", "DBS Student Registration\DBS Student Registration.csproj", "{9C806BD3-41E5-4E9A-896C-F8E7FFCEC231}"
EndProject
Global
	GlobalSection(SolutionConfigurationPlatforms) = preSolution
		Debug|Any CPU = Debug|Any CPU
		Release|Any CPU = Release|Any CPU
	EndGlobalSection
	GlobalSection(ProjectConfigurationPlatforms) = postSolution
		{9C806BD3-41E5-4E9A-896C-F8E7FFCEC231}.Debug|Any CPU.ActiveCfg = Debug|Any CPU
		{9C806BD3-41E5-4E9A-896C-F8E7FFCEC231}.Debug|Any CPU.Build.0 = Debug|Any CPU
		{9C806BD3-41E5-4E9A-896C-F8E7FFCEC231}.Release|Any CPU.ActiveCfg = Release|Any CPU
		{9C806BD3-41E5-4E9A-896C-F8E7FFCEC231}.Release|Any CPU.Build.0 = Release|Any CPU
	EndGlobalSection
	GlobalSection(SolutionProperties) = preSolution
		HideSolutionNode = FALSE
	EndGlobalSection
	GlobalSection(ExtensibilityGlobals) = postSolution
		SolutionGuid = {A89666B7-2046-47F1-BB57-9BF3FAEBCF64}
	EndGlobalSection
EndGlobal
